// !$*UTF8*$!
{
	archiveVersion = 1;
	classes = {
	};
	objectVersion = 56;
	objects = {

/* Begin PBXBuildFile section */
		670A7658296E06CD00962082 /* Assets.xcassets in Resources */ = {isa = PBXBuildFile; fileRef = 670A7657296E06CD00962082 /* Assets.xcassets */; };
		670EF818296DE6C5003552A6 /* AppDelegate.swift in Sources */ = {isa = PBXBuildFile; fileRef = 670EF817296DE6C5003552A6 /* AppDelegate.swift */; };
		670EF81A296DE6C5003552A6 /* SceneDelegate.swift in Sources */ = {isa = PBXBuildFile; fileRef = 670EF819296DE6C5003552A6 /* SceneDelegate.swift */; };
		670EF81C296DE6C5003552A6 /* ViewController.swift in Sources */ = {isa = PBXBuildFile; fileRef = 670EF81B296DE6C5003552A6 /* ViewController.swift */; };
		670EF81F296DE6C5003552A6 /* Main.storyboard in Resources */ = {isa = PBXBuildFile; fileRef = 670EF81D296DE6C5003552A6 /* Main.storyboard */; };
		670EF824296DE6C6003552A6 /* LaunchScreen.storyboard in Resources */ = {isa = PBXBuildFile; fileRef = 670EF822296DE6C6003552A6 /* LaunchScreen.storyboard */; };
		670EF82C296DE8DA003552A6 /* PinterestLayout.swift in Sources */ = {isa = PBXBuildFile; fileRef = 670EF82B296DE8DA003552A6 /* PinterestLayout.swift */; };
		670EF82E296DE9A7003552A6 /* CollectionViewCell.swift in Sources */ = {isa = PBXBuildFile; fileRef = 670EF82D296DE9A7003552A6 /* CollectionViewCell.swift */; };
		670EF838296DED0B003552A6 /* Photo.swift in Sources */ = {isa = PBXBuildFile; fileRef = 670EF837296DED0B003552A6 /* Photo.swift */; };
		67CC717D296E0D6D004279DB /* Photos.plist in Resources */ = {isa = PBXBuildFile; fileRef = 67CC717C296E0D6D004279DB /* Photos.plist */; };
/* End PBXBuildFile section */

/* Begin PBXFileReference section */
		670A7657296E06CD00962082 /* Assets.xcassets */ = {isa = PBXFileReference; lastKnownFileType = folder.assetcatalog; path = Assets.xcassets; sourceTree = "<group>"; };
		670EF814296DE6C5003552A6 /* homework-3.app */ = {isa = PBXFileReference; explicitFileType = wrapper.application; includeInIndex = 0; path = "homework-3.app"; sourceTree = BUILT_PRODUCTS_DIR; };
		670EF817296DE6C5003552A6 /* AppDelegate.swift */ = {isa = PBXFileReference; lastKnownFileType = sourcecode.swift; path = AppDelegate.swift; sourceTree = "<group>"; };
		670EF819296DE6C5003552A6 /* SceneDelegate.swift */ = {isa = PBXFileReference; lastKnownFileType = sourcecode.swift; path = SceneDelegate.swift; sourceTree = "<group>"; };
		670EF81B296DE6C5003552A6 /* ViewController.swift */ = {isa = PBXFileReference; lastKnownFileType = sourcecode.swift; path = ViewController.swift; sourceTree = "<group>"; };
		670EF81E296DE6C5003552A6 /* Base */ = {isa = PBXFileReference; lastKnownFileType = file.storyboard; name = Base; path = Base.lproj/Main.storyboard; sourceTree = "<group>"; };
		670EF823296DE6C6003552A6 /* Base */ = {isa = PBXFileReference; lastKnownFileType = file.storyboard; name = Base; path = Base.lproj/LaunchScreen.storyboard; sourceTree = "<group>"; };
		670EF825296DE6C6003552A6 /* Info.plist */ = {isa = PBXFileReference; lastKnownFileType = text.plist.xml; path = Info.plist; sourceTree = "<group>"; };
		670EF82B296DE8DA003552A6 /* PinterestLayout.swift */ = {isa = PBXFileReference; lastKnownFileType = sourcecode.swift; path = PinterestLayout.swift; sourceTree = "<group>"; };
		670EF82D296DE9A7003552A6 /* CollectionViewCell.swift */ = {isa = PBXFileReference; lastKnownFileType = sourcecode.swift; path = CollectionViewCell.swift; sourceTree = "<group>"; };
		670EF837296DED0B003552A6 /* Photo.swift */ = {isa = PBXFileReference; lastKnownFileType = sourcecode.swift; path = Photo.swift; sourceTree = "<group>"; };
		67CC717C296E0D6D004279DB /* Photos.plist */ = {isa = PBXFileReference; fileEncoding = 4; lastKnownFileType = text.plist.xml; path = Photos.plist; sourceTree = "<group>"; };
/* End PBXFileReference section */

/* Begin PBXFrameworksBuildPhase section */
		670EF811296DE6C5003552A6 /* Frameworks */ = {
			isa = PBXFrameworksBuildPhase;
			buildActionMask = 2147483647;
			files = (
			);
			runOnlyForDeploymentPostprocessing = 0;
		};
/* End PBXFrameworksBuildPhase section */

/* Begin PBXGroup section */
		670EF80B296DE6C5003552A6 = {
			isa = PBXGroup;
			children = (
				670EF816296DE6C5003552A6 /* homework-3 */,
				670EF815296DE6C5003552A6 /* Products */,
			);
			sourceTree = "<group>";
		};
		670EF815296DE6C5003552A6 /* Products */ = {
			isa = PBXGroup;
			children = (
				670EF814296DE6C5003552A6 /* homework-3.app */,
			);
			name = Products;
			sourceTree = "<group>";
		};
		670EF816296DE6C5003552A6 /* homework-3 */ = {
			isa = PBXGroup;
			children = (
				67CC717C296E0D6D004279DB /* Photos.plist */,
				670EF817296DE6C5003552A6 /* AppDelegate.swift */,
				670EF819296DE6C5003552A6 /* SceneDelegate.swift */,
				670EF81B296DE6C5003552A6 /* ViewController.swift */,
				670EF82B296DE8DA003552A6 /* PinterestLayout.swift */,
				670EF82D296DE9A7003552A6 /* CollectionViewCell.swift */,
				670EF837296DED0B003552A6 /* Photo.swift */,
				670EF822296DE6C6003552A6 /* LaunchScreen.storyboard */,
				670EF81D296DE6C5003552A6 /* Main.storyboard */,
				670EF825296DE6C6003552A6 /* Info.plist */,
				670A7657296E06CD00962082 /* Assets.xcassets */,
			);
			path = "homework-3";
			sourceTree = "<group>";
		};
/* End PBXGroup section */

/* Begin PBXNativeTarget section */
		670EF813296DE6C5003552A6 /* homework-3 */ = {
			isa = PBXNativeTarget;
			buildConfigurationList = 670EF828296DE6C6003552A6 /* Build configuration list for PBXNativeTarget "homework-3" */;
			buildPhases = (
				670EF810296DE6C5003552A6 /* Sources */,
				670EF811296DE6C5003552A6 /* Frameworks */,
				670EF812296DE6C5003552A6 /* Resources */,
			);
			buildRules = (
			);
			dependencies = (
			);
			name = "homework-3";
			productName = "homework-3";
			productReference = 670EF814296DE6C5003552A6 /* homework-3.app */;
			productType = "com.apple.product-type.application";
		};
/* End PBXNativeTarget section */

/* Begin PBXProject section */
		670EF80C296DE6C5003552A6 /* Project object */ = {
			isa = PBXProject;
			attributes = {
				BuildIndependentTargetsInParallel = 1;
				LastSwiftUpdateCheck = 1420;
				LastUpgradeCheck = 1420;
				TargetAttributes = {
					670EF813296DE6C5003552A6 = {
						CreatedOnToolsVersion = 14.2;
					};
				};
			};
			buildConfigurationList = 670EF80F296DE6C5003552A6 /* Build configuration list for PBXProject "homework-3" */;
			compatibilityVersion = "Xcode 14.0";
			developmentRegion = en;
			hasScannedForEncodings = 0;
			knownRegions = (
				en,
				Base,
			);
			mainGroup = 670EF80B296DE6C5003552A6;
			productRefGroup = 670EF815296DE6C5003552A6 /* Products */;
			projectDirPath = "";
			projectRoot = "";
			targets = (
				670EF813296DE6C5003552A6 /* homework-3 */,
			);
		};
/* End PBXProject section */

/* Begin PBXResourcesBuildPhase section */
		670EF812296DE6C5003552A6 /* Resources */ = {
			isa = PBXResourcesBuildPhase;
			buildActionMask = 2147483647;
			files = (
				670EF824296DE6C6003552A6 /* LaunchScreen.storyboard in Resources */,
				670EF81F296DE6C5003552A6 /* Main.storyboard in Resources */,
				670A7658296E06CD00962082 /* Assets.xcassets in Resources */,
				67CC717D296E0D6D004279DB /* Photos.plist in Resources */,
			);
			runOnlyForDeploymentPostprocessing = 0;
		};
/* End PBXResourcesBuildPhase section */

/* Begin PBXSourcesBuildPhase section */
		670EF810296DE6C5003552A6 /* Sources */ = {
			isa = PBXSourcesBuildPhase;
			buildActionMask = 2147483647;
			files = (
				670EF838296DED0B003552A6 /* Photo.swift in Sources */,
				670EF82E296DE9A7003552A6 /* CollectionViewCell.swift in Sources */,
				670EF82C296DE8DA003552A6 /* PinterestLayout.swift in Sources */,
				670EF81C296DE6C5003552A6 /* ViewController.swift in Sources */,
				670EF818296DE6C5003552A6 /* AppDelegate.swift in Sources */,
				670EF81A296DE6C5003552A6 /* SceneDelegate.swift in Sources */,
			);
			runOnlyForDeploymentPostprocessing = 0;
		};
/* End PBXSourcesBuildPhase section */

/* Begin PBXVariantGroup section */
		670EF81D296DE6C5003552A6 /* Main.storyboard */ = {
			isa = PBXVariantGroup;
			children = (
				670EF81E296DE6C5003552A6 /* Base */,
			);
			name = Main.storyboard;
			sourceTree = "<group>";
		};
		670EF822296DE6C6003552A6 /* LaunchScreen.storyboard */ = {
			isa = PBXVariantGroup;
			children = (
				670EF823296DE6C6003552A6 /* Base */,
			);
			name = LaunchScreen.storyboard;
			sourceTree = "<group>";
		};
/* End PBXVariantGroup section */

/* Begin XCBuildConfiguration section */
		670EF826296DE6C6003552A6 /* Debug */ = {
			isa = XCBuildConfiguration;
			buildSettings = {
				ALWAYS_SEARCH_USER_PATHS = NO;
				CLANG_ANALYZER_NONNULL = YES;
				CLANG_ANALYZER_NUMBER_OBJECT_CONVERSION = YES_AGGRESSIVE;
				CLANG_CXX_LANGUAGE_STANDARD = "gnu++20";
				CLANG_ENABLE_MODULES = YES;
				CLANG_ENABLE_OBJC_ARC = YES;
				CLANG_ENABLE_OBJC_WEAK = YES;
				CLANG_WARN_BLOCK_CAPTURE_AUTORELEASING = YES;
				CLANG_WARN_BOOL_CONVERSION = YES;
				CLANG_WARN_COMMA = YES;
				CLANG_WARN_CONSTANT_CONVERSION = YES;
				CLANG_WARN_DEPRECATED_OBJC_IMPLEMENTATIONS = YES;
				CLANG_WARN_DIRECT_OBJC_ISA_USAGE = YES_ERROR;
				CLANG_WARN_DOCUMENTATION_COMMENTS = YES;
				CLANG_WARN_EMPTY_BODY = YES;
				CLANG_WARN_ENUM_CONVERSION = YES;
				CLANG_WARN_INFINITE_RECURSION = YES;
				CLANG_WARN_INT_CONVERSION = YES;
				CLANG_WARN_NON_LITERAL_NULL_CONVERSION = YES;
				CLANG_WARN_OBJC_IMPLICIT_RETAIN_SELF = YES;
				CLANG_WARN_OBJC_LITERAL_CONVERSION = YES;
				CLANG_WARN_OBJC_ROOT_CLASS = YES_ERROR;
				CLANG_WARN_QUOTED_INCLUDE_IN_FRAMEWORK_HEADER = YES;
				CLANG_WARN_RANGE_LOOP_ANALYSIS = YES;
				CLANG_WARN_STRICT_PROTOTYPES = YES;
				CLANG_WARN_SUSPICIOUS_MOVE = YES;
				CLANG_WARN_UNGUARDED_AVAILABILITY = YES_AGGRESSIVE;
				CLANG_WARN_UNREACHABLE_CODE = YES;
				CLANG_WARN__DUPLICATE_METHOD_MATCH = YES;
				COPY_PHASE_STRIP = NO;
				DEBUG_INFORMATION_FORMAT = dwarf;
				ENABLE_STRICT_OBJC_MSGSEND = YES;
				ENABLE_TESTABILITY = YES;
				GCC_C_LANGUAGE_STANDARD = gnu11;
				GCC_DYNAMIC_NO_PIC = NO;
				GCC_NO_COMMON_BLOCKS = YES;
				GCC_OPTIMIZATION_LEVEL = 0;
				GCC_PREPROCESSOR_DEFINITIONS = (
					"DEBUG=1",
					"$(inherited)",
				);
				GCC_WARN_64_TO_32_BIT_CONVERSION = YES;
				GCC_WARN_ABOUT_RETURN_TYPE = YES_ERROR;
				GCC_WARN_UNDECLARED_SELECTOR = YES;
				GCC_WARN_UNINITIALIZED_AUTOS = YES_AGGRESSIVE;
				GCC_WARN_UNUSED_FUNCTION = YES;
				GCC_WARN_UNUSED_VARIABLE = YES;
				IPHONEOS_DEPLOYMENT_TARGET = 16.2;
				MTL_ENABLE_DEBUG_INFO = INCLUDE_SOURCE;
				MTL_FAST_MATH = YES;
				ONLY_ACTIVE_ARCH = YES;
				SDKROOT = iphoneos;
				SWIFT_ACTIVE_COMPILATION_CONDITIONS = DEBUG;
				SWIFT_OPTIMIZATION_LEVEL = "-Onone";
			};
			name = Debug;
		};
		670EF827296DE6C6003552A6 /* Release */ = {
			isa = XCBuildConfiguration;
			buildSettings = {
				ALWAYS_SEARCH_USER_PATHS = NO;
				CLANG_ANALYZER_NONNULL = YES;
				CLANG_ANALYZER_NUMBER_OBJECT_CONVERSION = YES_AGGRESSIVE;
				CLANG_CXX_LANGUAGE_STANDARD = "gnu++20";
				CLANG_ENABLE_MODULES = YES;
				CLANG_ENABLE_OBJC_ARC = YES;
				CLANG_ENABLE_OBJC_WEAK = YES;
				CLANG_WARN_BLOCK_CAPTURE_AUTORELEASING = YES;
				CLANG_WARN_BOOL_CONVERSION = YES;
				CLANG_WARN_COMMA = YES;
				CLANG_WARN_CONSTANT_CONVERSION = YES;
				CLANG_WARN_DEPRECATED_OBJC_IMPLEMENTATIONS = YES;
				CLANG_WARN_DIRECT_OBJC_ISA_USAGE = YES_ERROR;
				CLANG_WARN_DOCUMENTATION_COMMENTS = YES;
				CLANG_WARN_EMPTY_BODY = YES;
				CLANG_WARN_ENUM_CONVERSION = YES;
				CLANG_WARN_INFINITE_RECURSION = YES;
				CLANG_WARN_INT_CONVERSION = YES;
				CLANG_WARN_NON_LITERAL_NULL_CONVERSION = YES;
				CLANG_WARN_OBJC_IMPLICIT_RETAIN_SELF = YES;
				CLANG_WARN_OBJC_LITERAL_CONVERSION = YES;
				CLANG_WARN_OBJC_ROOT_CLASS = YES_ERROR;
				CLANG_WARN_QUOTED_INCLUDE_IN_FRAMEWORK_HEADER = YES;
				CLANG_WARN_RANGE_LOOP_ANALYSIS = YES;
				CLANG_WARN_STRICT_PROTOTYPES = YES;
				CLANG_WARN_SUSPICIOUS_MOVE = YES;
				CLANG_WARN_UNGUARDED_AVAILABILITY = YES_AGGRESSIVE;
				CLANG_WARN_UNREACHABLE_CODE = YES;
				CLANG_WARN__DUPLICATE_METHOD_MATCH = YES;
				COPY_PHASE_STRIP = NO;
				DEBUG_INFORMATION_FORMAT = "dwarf-with-dsym";
				ENABLE_NS_ASSERTIONS = NO;
				ENABLE_STRICT_OBJC_MSGSEND = YES;
				GCC_C_LANGUAGE_STANDARD = gnu11;
				GCC_NO_COMMON_BLOCKS = YES;
				GCC_WARN_64_TO_32_BIT_CONVERSION = YES;
				GCC_WARN_ABOUT_RETURN_TYPE = YES_ERROR;
				GCC_WARN_UNDECLARED_SELECTOR = YES;
				GCC_WARN_UNINITIALIZED_AUTOS = YES_AGGRESSIVE;
				GCC_WARN_UNUSED_FUNCTION = YES;
				GCC_WARN_UNUSED_VARIABLE = YES;
				IPHONEOS_DEPLOYMENT_TARGET = 16.2;
				MTL_ENABLE_DEBUG_INFO = NO;
				MTL_FAST_MATH = YES;
				SDKROOT = iphoneos;
				SWIFT_COMPILATION_MODE = wholemodule;
				SWIFT_OPTIMIZATION_LEVEL = "-O";
				VALIDATE_PRODUCT = YES;
			};
			name = Release;
		};
		670EF829296DE6C6003552A6 /* Debug */ = {
			isa = XCBuildConfiguration;
			buildSettings = {
				ASSETCATALOG_COMPILER_APPICON_NAME = AppIcon;
				ASSETCATALOG_COMPILER_GLOBAL_ACCENT_COLOR_NAME = AccentColor;
				CODE_SIGN_STYLE = Automatic;
				CURRENT_PROJECT_VERSION = 1;
				DEVELOPMENT_TEAM = GUTYHSBZLQ;
				GENERATE_INFOPLIST_FILE = YES;
				INFOPLIST_FILE = "homework-3/Info.plist";
				INFOPLIST_KEY_UIApplicationSupportsIndirectInputEvents = YES;
				INFOPLIST_KEY_UILaunchStoryboardName = LaunchScreen;
				INFOPLIST_KEY_UIMainStoryboardFile = Main;
				INFOPLIST_KEY_UISupportedInterfaceOrientations_iPad = "UIInterfaceOrientationPortrait UIInterfaceOrientationPortraitUpsideDown UIInterfaceOrientationLandscapeLeft UIInterfaceOrientationLandscapeRight";
				INFOPLIST_KEY_UISupportedInterfaceOrientations_iPhone = "UIInterfaceOrientationPortrait UIInterfaceOrientationLandscapeLeft UIInterfaceOrientationLandscapeRight";
				IPHONEOS_DEPLOYMENT_TARGET = 14.0;
				LD_RUNPATH_SEARCH_PATHS = (
					"$(inherited)",
					"@executable_path/Frameworks",
				);
				MARKETING_VERSION = 1.0;
				PRODUCT_BUNDLE_IDENTIFIER = "com.burakaydin.homework-3";
				PRODUCT_NAME = "$(TARGET_NAME)";
				SWIFT_EMIT_LOC_STRINGS = YES;
				SWIFT_VERSION = 5.0;
				TARGETED_DEVICE_FAMILY = "1,2";
			};
			name = Debug;
		};
		670EF82A296DE6C6003552A6 /* Release */ = {
			isa = XCBuildConfiguration;
			buildSettings = {
				ASSETCATALOG_COMPILER_APPICON_NAME = AppIcon;
				ASSETCATALOG_COMPILER_GLOBAL_ACCENT_COLOR_NAME = AccentColor;
				CODE_SIGN_STYLE = Automatic;
				CURRENT_PROJECT_VERSION = 1;
				DEVELOPMENT_TEAM = GUTYHSBZLQ;
				GENERATE_INFOPLIST_FILE = YES;
				INFOPLIST_FILE = "homework-3/Info.plist";
				INFOPLIST_KEY_UIApplicationSupportsIndirectInputEvents = YES;
				INFOPLIST_KEY_UILaunchStoryboardName = LaunchScreen;
				INFOPLIST_KEY_UIMainStoryboardFile = Main;
				INFOPLIST_KEY_UISupportedInterfaceOrientations_iPad = "UIInterfaceOrientationPortrait UIInterfaceOrientationPortraitUpsideDown UIInterfaceOrientationLandscapeLeft UIInterfaceOrientationLandscapeRight";
				INFOPLIST_KEY_UISupportedInterfaceOrientations_iPhone = "UIInterfaceOrientationPortrait UIInterfaceOrientationLandscapeLeft UIInterfaceOrientationLandscapeRight";
				IPHONEOS_DEPLOYMENT_TARGET = 14.0;
				LD_RUNPATH_SEARCH_PATHS = (
					"$(inherited)",
					"@executable_path/Frameworks",
				);
				MARKETING_VERSION = 1.0;
				PRODUCT_BUNDLE_IDENTIFIER = "com.burakaydin.homework-3";
				PRODUCT_NAME = "$(TARGET_NAME)";
				SWIFT_EMIT_LOC_STRINGS = YES;
				SWIFT_VERSION = 5.0;
				TARGETED_DEVICE_FAMILY = "1,2";
			};
			name = Release;
		};
/* End XCBuildConfiguration section */

/* Begin XCConfigurationList section */
		670EF80F296DE6C5003552A6 /* Build configuration list for PBXProject "homework-3" */ = {
			isa = XCConfigurationList;
			buildConfigurations = (
				670EF826296DE6C6003552A6 /* Debug */,
				670EF827296DE6C6003552A6 /* Release */,
			);
			defaultConfigurationIsVisible = 0;
			defaultConfigurationName = Release;
		};
		670EF828296DE6C6003552A6 /* Build configuration list for PBXNativeTarget "homework-3" */ = {
			isa = XCConfigurationList;
			buildConfigurations = (
				670EF829296DE6C6003552A6 /* Debug */,
				670EF82A296DE6C6003552A6 /* Release */,
			);
			defaultConfigurationIsVisible = 0;
			defaultConfigurationName = Release;
		};
/* End XCConfigurationList section */
	};
	rootObject = 670EF80C296DE6C5003552A6 /* Project object */;
}
